// !$*UTF8*$!
{
	archiveVersion = 1;
	classes = {
	};
	objectVersion = 48;
	objects = {

/* Begin PBXBuildFile section */
		9007B8972089196E000C2D05 /* Renderer.cpp in Sources */ = {isa = PBXBuildFile; fileRef = 9007B8952089196D000C2D05 /* Renderer.cpp */; };
		9007B89D208A9C0F000C2D05 /* Texture.cpp in Sources */ = {isa = PBXBuildFile; fileRef = 9007B89C208A9C0F000C2D05 /* Texture.cpp */; };
		9007B8A1208AAA05000C2D05 /* SceneRenderer.cpp in Sources */ = {isa = PBXBuildFile; fileRef = 9007B89F208AAA05000C2D05 /* SceneRenderer.cpp */; };
		903AA8332042342F00A1B7F9 /* InputWrapper.cpp in Sources */ = {isa = PBXBuildFile; fileRef = 903AA8322042342F00A1B7F9 /* InputWrapper.cpp */; };
		903AA836204237DB00A1B7F9 /* Input.cpp in Sources */ = {isa = PBXBuildFile; fileRef = 903AA835204237DB00A1B7F9 /* Input.cpp */; };
		90708D552099298100024A1D /* ScreenRenderer.cpp in Sources */ = {isa = PBXBuildFile; fileRef = 90708D532099298100024A1D /* ScreenRenderer.cpp */; };
		90B14F29207FBFA2004F418C /* Timer.cpp in Sources */ = {isa = PBXBuildFile; fileRef = 90B14F27207FBFA2004F418C /* Timer.cpp */; };
		90B14F2C20800279004F418C /* RenderConfig.cpp in Sources */ = {isa = PBXBuildFile; fileRef = 90B14F2A20800279004F418C /* RenderConfig.cpp */; };
		90E9061A202D1FAC00374F51 /* Resources in Copy Files */ = {isa = PBXBuildFile; fileRef = 90E90616202D1FA200374F51 /* Resources */; };
		90E9061B202D1FAC00374F51 /* Shaders in Copy Files */ = {isa = PBXBuildFile; fileRef = 90E90618202D1FA200374F51 /* Shaders */; };
		90E90632202D20A900374F51 /* SceneGraph.cpp in Sources */ = {isa = PBXBuildFile; fileRef = 90E90623202D20A700374F51 /* SceneGraph.cpp */; };
		90E90634202D20A900374F51 /* ModelLoader.cpp in Sources */ = {isa = PBXBuildFile; fileRef = 90E90625202D20A700374F51 /* ModelLoader.cpp */; };
		90E90635202D20A900374F51 /* Scene.cpp in Sources */ = {isa = PBXBuildFile; fileRef = 90E90626202D20A700374F51 /* Scene.cpp */; };
		90E90636202D20A900374F51 /* Model.cpp in Sources */ = {isa = PBXBuildFile; fileRef = 90E90627202D20A700374F51 /* Model.cpp */; };
		90E90637202D20A900374F51 /* Camera.cpp in Sources */ = {isa = PBXBuildFile; fileRef = 90E90628202D20A700374F51 /* Camera.cpp */; };
		90E90638202D20A900374F51 /* main.cpp in Sources */ = {isa = PBXBuildFile; fileRef = 90E90629202D20A700374F51 /* main.cpp */; };
		90E90639202D20A900374F51 /* Lights.cpp in Sources */ = {isa = PBXBuildFile; fileRef = 90E9062A202D20A800374F51 /* Lights.cpp */; };
		90E9063A202D20A900374F51 /* Mesh.cpp in Sources */ = {isa = PBXBuildFile; fileRef = 90E9062B202D20A800374F51 /* Mesh.cpp */; };
		90E9063B202D20A900374F51 /* glad.c in Sources */ = {isa = PBXBuildFile; fileRef = 90E9062C202D20A800374F51 /* glad.c */; };
		90E9063C202D20A900374F51 /* PrimitivesLoader.cpp in Sources */ = {isa = PBXBuildFile; fileRef = 90E9062D202D20A800374F51 /* PrimitivesLoader.cpp */; };
		90E9063D202D20A900374F51 /* Cubemap.cpp in Sources */ = {isa = PBXBuildFile; fileRef = 90E9062E202D20A800374F51 /* Cubemap.cpp */; };
		90E9063E202D20A900374F51 /* SceneLighting.cpp in Sources */ = {isa = PBXBuildFile; fileRef = 90E9062F202D20A800374F51 /* SceneLighting.cpp */; };
		90E9063F202D20A900374F51 /* Shader.cpp in Sources */ = {isa = PBXBuildFile; fileRef = 90E90630202D20A800374F51 /* Shader.cpp */; };
		90E90640202D20A900374F51 /* Framebuffer.cpp in Sources */ = {isa = PBXBuildFile; fileRef = 90E90631202D20A800374F51 /* Framebuffer.cpp */; };
		90F8B9B92027948000EFAC5F /* OpenGL.framework in Frameworks */ = {isa = PBXBuildFile; fileRef = 90F8B9B82027948000EFAC5F /* OpenGL.framework */; };
		90F8B9BB2027948D00EFAC5F /* Cocoa.framework in Frameworks */ = {isa = PBXBuildFile; fileRef = 90F8B9BA2027948D00EFAC5F /* Cocoa.framework */; };
		90F8B9BD2027953200EFAC5F /* IOKit.framework in Frameworks */ = {isa = PBXBuildFile; fileRef = 90F8B9BC2027953200EFAC5F /* IOKit.framework */; };
		90F8B9BF2027953700EFAC5F /* CoreVideo.framework in Frameworks */ = {isa = PBXBuildFile; fileRef = 90F8B9BE2027953700EFAC5F /* CoreVideo.framework */; };
		90F8B9CE202BB47A00EFAC5F /* libboost_filesystem.dylib in Frameworks */ = {isa = PBXBuildFile; fileRef = 90F8B9CB202BB47A00EFAC5F /* libboost_filesystem.dylib */; };
		90F8B9CF202BB47A00EFAC5F /* libglfw.3.2.dylib in Frameworks */ = {isa = PBXBuildFile; fileRef = 90F8B9CC202BB47A00EFAC5F /* libglfw.3.2.dylib */; };
		90F8B9D0202BB47A00EFAC5F /* libassimp.4.0.1.dylib in Frameworks */ = {isa = PBXBuildFile; fileRef = 90F8B9CD202BB47A00EFAC5F /* libassimp.4.0.1.dylib */; };
		90F8B9D2202BB48F00EFAC5F /* libboost_system.dylib in Frameworks */ = {isa = PBXBuildFile; fileRef = 90F8B9D1202BB48F00EFAC5F /* libboost_system.dylib */; };
/* End PBXBuildFile section */

/* Begin PBXCopyFilesBuildPhase section */
		90743CF920278FBF0041BE49 /* Copy Files */ = {
			isa = PBXCopyFilesBuildPhase;
			buildActionMask = 12;
			dstPath = "";
			dstSubfolderSpec = 16;
			files = (
				90E9061A202D1FAC00374F51 /* Resources in Copy Files */,
				90E9061B202D1FAC00374F51 /* Shaders in Copy Files */,
			);
			name = "Copy Files";
			runOnlyForDeploymentPostprocessing = 0;
		};
/* End PBXCopyFilesBuildPhase section */

/* Begin PBXFileReference section */
		9007B8952089196D000C2D05 /* Renderer.cpp */ = {isa = PBXFileReference; lastKnownFileType = sourcecode.cpp.cpp; path = Renderer.cpp; sourceTree = "<group>"; };
		9007B8962089196D000C2D05 /* Renderer.h */ = {isa = PBXFileReference; lastKnownFileType = sourcecode.c.h; path = Renderer.h; sourceTree = "<group>"; };
		9007B89B208A9A68000C2D05 /* Texture.h */ = {isa = PBXFileReference; lastKnownFileType = sourcecode.c.h; path = Texture.h; sourceTree = "<group>"; };
		9007B89C208A9C0F000C2D05 /* Texture.cpp */ = {isa = PBXFileReference; lastKnownFileType = sourcecode.cpp.cpp; path = Texture.cpp; sourceTree = "<group>"; };
		9007B89E208A9C82000C2D05 /* Texture_Inline.h */ = {isa = PBXFileReference; lastKnownFileType = sourcecode.c.h; path = Texture_Inline.h; sourceTree = "<group>"; };
		9007B89F208AAA05000C2D05 /* SceneRenderer.cpp */ = {isa = PBXFileReference; lastKnownFileType = sourcecode.cpp.cpp; path = SceneRenderer.cpp; sourceTree = "<group>"; };
		9007B8A0208AAA05000C2D05 /* SceneRenderer.h */ = {isa = PBXFileReference; lastKnownFileType = sourcecode.c.h; path = SceneRenderer.h; sourceTree = "<group>"; };
		90116DFD2040D813001C6999 /* Debug.h */ = {isa = PBXFileReference; lastKnownFileType = sourcecode.c.h; path = Debug.h; sourceTree = "<group>"; };
		903AA831204232DF00A1B7F9 /* InputWrapper.h */ = {isa = PBXFileReference; lastKnownFileType = sourcecode.c.h; path = InputWrapper.h; sourceTree = "<group>"; };
		903AA8322042342F00A1B7F9 /* InputWrapper.cpp */ = {isa = PBXFileReference; lastKnownFileType = sourcecode.cpp.cpp; path = InputWrapper.cpp; sourceTree = "<group>"; };
		903AA8342042349100A1B7F9 /* Input.h */ = {isa = PBXFileReference; lastKnownFileType = sourcecode.c.h; path = Input.h; sourceTree = "<group>"; };
		903AA835204237DB00A1B7F9 /* Input.cpp */ = {isa = PBXFileReference; lastKnownFileType = sourcecode.cpp.cpp; path = Input.cpp; sourceTree = "<group>"; };
		903AA8372048A5A200A1B7F9 /* ToDo.txt */ = {isa = PBXFileReference; lastKnownFileType = text; path = ToDo.txt; sourceTree = "<group>"; };
		90708D532099298100024A1D /* ScreenRenderer.cpp */ = {isa = PBXFileReference; lastKnownFileType = sourcecode.cpp.cpp; path = ScreenRenderer.cpp; sourceTree = "<group>"; };
		90708D542099298100024A1D /* ScreenRenderer.h */ = {isa = PBXFileReference; lastKnownFileType = sourcecode.c.h; path = ScreenRenderer.h; sourceTree = "<group>"; };
		90743CFB20278FBF0041BE49 /* FirstTutorial */ = {isa = PBXFileReference; explicitFileType = "compiled.mach-o.executable"; includeInIndex = 0; path = FirstTutorial; sourceTree = BUILT_PRODUCTS_DIR; };
		90B14F27207FBFA2004F418C /* Timer.cpp */ = {isa = PBXFileReference; lastKnownFileType = sourcecode.cpp.cpp; path = Timer.cpp; sourceTree = "<group>"; };
		90B14F28207FBFA2004F418C /* Timer.h */ = {isa = PBXFileReference; lastKnownFileType = sourcecode.c.h; path = Timer.h; sourceTree = "<group>"; };
		90B14F2A20800279004F418C /* RenderConfig.cpp */ = {isa = PBXFileReference; lastKnownFileType = sourcecode.cpp.cpp; path = RenderConfig.cpp; sourceTree = "<group>"; };
		90B14F2B20800279004F418C /* RenderConfig.h */ = {isa = PBXFileReference; lastKnownFileType = sourcecode.c.h; path = RenderConfig.h; sourceTree = "<group>"; };
		90E90615202D1FA200374F51 /* include */ = {isa = PBXFileReference; lastKnownFileType = folder; path = include; sourceTree = "<group>"; };
		90E90616202D1FA200374F51 /* Resources */ = {isa = PBXFileReference; lastKnownFileType = folder; path = Resources; sourceTree = "<group>"; };
		90E90618202D1FA200374F51 /* Shaders */ = {isa = PBXFileReference; lastKnownFileType = folder; path = Shaders; sourceTree = "<group>"; };
		90E90623202D20A700374F51 /* SceneGraph.cpp */ = {isa = PBXFileReference; lastKnownFileType = sourcecode.cpp.cpp; path = SceneGraph.cpp; sourceTree = "<group>"; };
		90E90625202D20A700374F51 /* ModelLoader.cpp */ = {isa = PBXFileReference; lastKnownFileType = sourcecode.cpp.cpp; path = ModelLoader.cpp; sourceTree = "<group>"; };
		90E90626202D20A700374F51 /* Scene.cpp */ = {isa = PBXFileReference; lastKnownFileType = sourcecode.cpp.cpp; path = Scene.cpp; sourceTree = "<group>"; };
		90E90627202D20A700374F51 /* Model.cpp */ = {isa = PBXFileReference; lastKnownFileType = sourcecode.cpp.cpp; path = Model.cpp; sourceTree = "<group>"; };
		90E90628202D20A700374F51 /* Camera.cpp */ = {isa = PBXFileReference; lastKnownFileType = sourcecode.cpp.cpp; path = Camera.cpp; sourceTree = "<group>"; };
		90E90629202D20A700374F51 /* main.cpp */ = {isa = PBXFileReference; lastKnownFileType = sourcecode.cpp.cpp; path = main.cpp; sourceTree = "<group>"; };
		90E9062A202D20A800374F51 /* Lights.cpp */ = {isa = PBXFileReference; lastKnownFileType = sourcecode.cpp.cpp; path = Lights.cpp; sourceTree = "<group>"; };
		90E9062B202D20A800374F51 /* Mesh.cpp */ = {isa = PBXFileReference; lastKnownFileType = sourcecode.cpp.cpp; path = Mesh.cpp; sourceTree = "<group>"; };
		90E9062C202D20A800374F51 /* glad.c */ = {isa = PBXFileReference; lastKnownFileType = sourcecode.c.c; path = glad.c; sourceTree = "<group>"; };
		90E9062D202D20A800374F51 /* PrimitivesLoader.cpp */ = {isa = PBXFileReference; lastKnownFileType = sourcecode.cpp.cpp; path = PrimitivesLoader.cpp; sourceTree = "<group>"; };
		90E9062E202D20A800374F51 /* Cubemap.cpp */ = {isa = PBXFileReference; lastKnownFileType = sourcecode.cpp.cpp; path = Cubemap.cpp; sourceTree = "<group>"; };
		90E9062F202D20A800374F51 /* SceneLighting.cpp */ = {isa = PBXFileReference; lastKnownFileType = sourcecode.cpp.cpp; path = SceneLighting.cpp; sourceTree = "<group>"; };
		90E90630202D20A800374F51 /* Shader.cpp */ = {isa = PBXFileReference; lastKnownFileType = sourcecode.cpp.cpp; path = Shader.cpp; sourceTree = "<group>"; };
		90E90631202D20A800374F51 /* Framebuffer.cpp */ = {isa = PBXFileReference; lastKnownFileType = sourcecode.cpp.cpp; path = Framebuffer.cpp; sourceTree = "<group>"; };
		90E90642202D20DB00374F51 /* SceneGraph.h */ = {isa = PBXFileReference; lastKnownFileType = sourcecode.c.h; path = SceneGraph.h; sourceTree = "<group>"; };
		90E90643202D20DC00374F51 /* Lights.h */ = {isa = PBXFileReference; lastKnownFileType = sourcecode.c.h; path = Lights.h; sourceTree = "<group>"; };
		90E90644202D20DC00374F51 /* SceneLighting.h */ = {isa = PBXFileReference; lastKnownFileType = sourcecode.c.h; path = SceneLighting.h; sourceTree = "<group>"; };
		90E90645202D20DC00374F51 /* Shader.h */ = {isa = PBXFileReference; lastKnownFileType = sourcecode.c.h; path = Shader.h; sourceTree = "<group>"; };
		90E90646202D20DC00374F51 /* stb_image.h */ = {isa = PBXFileReference; lastKnownFileType = sourcecode.c.h; path = stb_image.h; sourceTree = "<group>"; };
		90E90647202D20DC00374F51 /* PrimitivesLoader.h */ = {isa = PBXFileReference; lastKnownFileType = sourcecode.c.h; path = PrimitivesLoader.h; sourceTree = "<group>"; };
		90E90648202D20DC00374F51 /* Framebuffer.h */ = {isa = PBXFileReference; lastKnownFileType = sourcecode.c.h; path = Framebuffer.h; sourceTree = "<group>"; };
		90E90649202D20DC00374F51 /* Camera.h */ = {isa = PBXFileReference; lastKnownFileType = sourcecode.c.h; path = Camera.h; sourceTree = "<group>"; };
		90E9064A202D20DC00374F51 /* ModelLoader.h */ = {isa = PBXFileReference; lastKnownFileType = sourcecode.c.h; path = ModelLoader.h; sourceTree = "<group>"; };
		90E9064B202D20DD00374F51 /* Model.h */ = {isa = PBXFileReference; lastKnownFileType = sourcecode.c.h; path = Model.h; sourceTree = "<group>"; };
		90E9064C202D20DD00374F51 /* UniformBlockBuffer.h */ = {isa = PBXFileReference; lastKnownFileType = sourcecode.c.h; path = UniformBlockBuffer.h; sourceTree = "<group>"; };
		90E9064D202D20DD00374F51 /* Structs_Inline.h */ = {isa = PBXFileReference; lastKnownFileType = sourcecode.c.h; path = Structs_Inline.h; sourceTree = "<group>"; };
		90E9064E202D20DD00374F51 /* IBufferable.h */ = {isa = PBXFileReference; lastKnownFileType = sourcecode.c.h; path = IBufferable.h; sourceTree = "<group>"; };
		90E9064F202D20DD00374F51 /* Mesh.h */ = {isa = PBXFileReference; lastKnownFileType = sourcecode.c.h; path = Mesh.h; sourceTree = "<group>"; };
		90E90650202D20DD00374F51 /* Cubemap.h */ = {isa = PBXFileReference; lastKnownFileType = sourcecode.c.h; path = Cubemap.h; sourceTree = "<group>"; };
		90E90651202D20DE00374F51 /* Structs.h */ = {isa = PBXFileReference; lastKnownFileType = sourcecode.c.h; path = Structs.h; sourceTree = "<group>"; };
		90E90652202D20DE00374F51 /* Scene.h */ = {isa = PBXFileReference; lastKnownFileType = sourcecode.c.h; path = Scene.h; sourceTree = "<group>"; };
		90E90653202D20DE00374F51 /* Object.h */ = {isa = PBXFileReference; lastKnownFileType = sourcecode.c.h; path = Object.h; sourceTree = "<group>"; };
		90F8B9B82027948000EFAC5F /* OpenGL.framework */ = {isa = PBXFileReference; lastKnownFileType = wrapper.framework; name = OpenGL.framework; path = System/Library/Frameworks/OpenGL.framework; sourceTree = SDKROOT; };
		90F8B9BA2027948D00EFAC5F /* Cocoa.framework */ = {isa = PBXFileReference; lastKnownFileType = wrapper.framework; name = Cocoa.framework; path = System/Library/Frameworks/Cocoa.framework; sourceTree = SDKROOT; };
		90F8B9BC2027953200EFAC5F /* IOKit.framework */ = {isa = PBXFileReference; lastKnownFileType = wrapper.framework; name = IOKit.framework; path = System/Library/Frameworks/IOKit.framework; sourceTree = SDKROOT; };
		90F8B9BE2027953700EFAC5F /* CoreVideo.framework */ = {isa = PBXFileReference; lastKnownFileType = wrapper.framework; name = CoreVideo.framework; path = System/Library/Frameworks/CoreVideo.framework; sourceTree = SDKROOT; };
		90F8B9C9202BB43500EFAC5F /* assimp */ = {isa = PBXFileReference; lastKnownFileType = "compiled.mach-o.executable"; name = assimp; path = ../../../../../usr/local/Cellar/assimp/4.0.1/bin/assimp; sourceTree = "<group>"; };
		90F8B9CB202BB47A00EFAC5F /* libboost_filesystem.dylib */ = {isa = PBXFileReference; lastKnownFileType = "compiled.mach-o.dylib"; name = libboost_filesystem.dylib; path = ../../../../../usr/local/Cellar/boost/1.65.1/lib/libboost_filesystem.dylib; sourceTree = "<group>"; };
		90F8B9CC202BB47A00EFAC5F /* libglfw.3.2.dylib */ = {isa = PBXFileReference; lastKnownFileType = "compiled.mach-o.dylib"; name = libglfw.3.2.dylib; path = ../../../../../usr/local/Cellar/glfw/3.2.1/lib/libglfw.3.2.dylib; sourceTree = "<group>"; };
		90F8B9CD202BB47A00EFAC5F /* libassimp.4.0.1.dylib */ = {isa = PBXFileReference; lastKnownFileType = "compiled.mach-o.dylib"; name = libassimp.4.0.1.dylib; path = ../../../../../usr/local/Cellar/assimp/4.0.1/lib/libassimp.4.0.1.dylib; sourceTree = "<group>"; };
		90F8B9D1202BB48F00EFAC5F /* libboost_system.dylib */ = {isa = PBXFileReference; lastKnownFileType = "compiled.mach-o.dylib"; name = libboost_system.dylib; path = ../../../../../usr/local/Cellar/boost/1.65.1/lib/libboost_system.dylib; sourceTree = "<group>"; };
/* End PBXFileReference section */

/* Begin PBXFrameworksBuildPhase section */
		90743CF820278FBF0041BE49 /* Frameworks */ = {
			isa = PBXFrameworksBuildPhase;
			buildActionMask = 2147483647;
			files = (
				90F8B9D2202BB48F00EFAC5F /* libboost_system.dylib in Frameworks */,
				90F8B9CE202BB47A00EFAC5F /* libboost_filesystem.dylib in Frameworks */,
				90F8B9CF202BB47A00EFAC5F /* libglfw.3.2.dylib in Frameworks */,
				90F8B9D0202BB47A00EFAC5F /* libassimp.4.0.1.dylib in Frameworks */,
				90F8B9BF2027953700EFAC5F /* CoreVideo.framework in Frameworks */,
				90F8B9BD2027953200EFAC5F /* IOKit.framework in Frameworks */,
				90F8B9BB2027948D00EFAC5F /* Cocoa.framework in Frameworks */,
				90F8B9B92027948000EFAC5F /* OpenGL.framework in Frameworks */,
			);
			runOnlyForDeploymentPostprocessing = 0;
		};
/* End PBXFrameworksBuildPhase section */

/* Begin PBXGroup section */
		90743CF220278FBF0041BE49 = {
			isa = PBXGroup;
			children = (
				90743CFD20278FBF0041BE49 /* FirstTutorial */,
				90743CFC20278FBF0041BE49 /* Products */,
				90F8B9B72027948000EFAC5F /* Frameworks */,
			);
			sourceTree = "<group>";
		};
		90743CFC20278FBF0041BE49 /* Products */ = {
			isa = PBXGroup;
			children = (
				90743CFB20278FBF0041BE49 /* FirstTutorial */,
			);
			name = Products;
			sourceTree = "<group>";
		};
		90743CFD20278FBF0041BE49 /* FirstTutorial */ = {
			isa = PBXGroup;
			children = (
				903AA8372048A5A200A1B7F9 /* ToDo.txt */,
				90E90656202D212600374F51 /* Headers */,
				90E90641202D20C800374F51 /* Source */,
				90E90615202D1FA200374F51 /* include */,
				90E90616202D1FA200374F51 /* Resources */,
				90E90618202D1FA200374F51 /* Shaders */,
			);
			path = FirstTutorial;
			sourceTree = "<group>";
		};
		90E90641202D20C800374F51 /* Source */ = {
			isa = PBXGroup;
			children = (
				90E90628202D20A700374F51 /* Camera.cpp */,
				90E9062E202D20A800374F51 /* Cubemap.cpp */,
				90E90631202D20A800374F51 /* Framebuffer.cpp */,
				90E9062C202D20A800374F51 /* glad.c */,
				903AA835204237DB00A1B7F9 /* Input.cpp */,
				903AA8322042342F00A1B7F9 /* InputWrapper.cpp */,
				90E9062A202D20A800374F51 /* Lights.cpp */,
				90E90629202D20A700374F51 /* main.cpp */,
				90E9062B202D20A800374F51 /* Mesh.cpp */,
				90E90627202D20A700374F51 /* Model.cpp */,
				90E90625202D20A700374F51 /* ModelLoader.cpp */,
				90E9062D202D20A800374F51 /* PrimitivesLoader.cpp */,
				90B14F2A20800279004F418C /* RenderConfig.cpp */,
				9007B8952089196D000C2D05 /* Renderer.cpp */,
				90E90626202D20A700374F51 /* Scene.cpp */,
				90E90623202D20A700374F51 /* SceneGraph.cpp */,
				90E9062F202D20A800374F51 /* SceneLighting.cpp */,
				9007B89F208AAA05000C2D05 /* SceneRenderer.cpp */,
				90708D532099298100024A1D /* ScreenRenderer.cpp */,
				90E90630202D20A800374F51 /* Shader.cpp */,
				9007B89C208A9C0F000C2D05 /* Texture.cpp */,
				90B14F27207FBFA2004F418C /* Timer.cpp */,
			);
			path = Source;
			sourceTree = "<group>";
		};
		90E90656202D212600374F51 /* Headers */ = {
			isa = PBXGroup;
			children = (
				90E90649202D20DC00374F51 /* Camera.h */,
				90E90650202D20DD00374F51 /* Cubemap.h */,
				90116DFD2040D813001C6999 /* Debug.h */,
				90E90648202D20DC00374F51 /* Framebuffer.h */,
				90E9064E202D20DD00374F51 /* IBufferable.h */,
				903AA8342042349100A1B7F9 /* Input.h */,
				903AA831204232DF00A1B7F9 /* InputWrapper.h */,
				90E90643202D20DC00374F51 /* Lights.h */,
				90E9064F202D20DD00374F51 /* Mesh.h */,
				90E9064B202D20DD00374F51 /* Model.h */,
				90E9064A202D20DC00374F51 /* ModelLoader.h */,
				90E90653202D20DE00374F51 /* Object.h */,
				90E90647202D20DC00374F51 /* PrimitivesLoader.h */,
				90B14F2B20800279004F418C /* RenderConfig.h */,
				9007B8962089196D000C2D05 /* Renderer.h */,
				90E90652202D20DE00374F51 /* Scene.h */,
				90E90642202D20DB00374F51 /* SceneGraph.h */,
				90E90644202D20DC00374F51 /* SceneLighting.h */,
				9007B8A0208AAA05000C2D05 /* SceneRenderer.h */,
				90708D542099298100024A1D /* ScreenRenderer.h */,
				90E90645202D20DC00374F51 /* Shader.h */,
				90E90646202D20DC00374F51 /* stb_image.h */,
				90E9064D202D20DD00374F51 /* Structs_Inline.h */,
				90E90651202D20DE00374F51 /* Structs.h */,
				9007B89E208A9C82000C2D05 /* Texture_Inline.h */,
				9007B89B208A9A68000C2D05 /* Texture.h */,
				90B14F28207FBFA2004F418C /* Timer.h */,
				90E9064C202D20DD00374F51 /* UniformBlockBuffer.h */,
			);
			path = Headers;
			sourceTree = "<group>";
		};
		90F8B9B72027948000EFAC5F /* Frameworks */ = {
			isa = PBXGroup;
			children = (
				90F8B9D1202BB48F00EFAC5F /* libboost_system.dylib */,
				90F8B9CD202BB47A00EFAC5F /* libassimp.4.0.1.dylib */,
				90F8B9CB202BB47A00EFAC5F /* libboost_filesystem.dylib */,
				90F8B9CC202BB47A00EFAC5F /* libglfw.3.2.dylib */,
				90F8B9C9202BB43500EFAC5F /* assimp */,
				90F8B9BE2027953700EFAC5F /* CoreVideo.framework */,
				90F8B9BC2027953200EFAC5F /* IOKit.framework */,
				90F8B9BA2027948D00EFAC5F /* Cocoa.framework */,
				90F8B9B82027948000EFAC5F /* OpenGL.framework */,
			);
			name = Frameworks;
			sourceTree = "<group>";
		};
/* End PBXGroup section */

/* Begin PBXNativeTarget section */
		90743CFA20278FBF0041BE49 /* FirstTutorial */ = {
			isa = PBXNativeTarget;
			buildConfigurationList = 90743D0220278FBF0041BE49 /* Build configuration list for PBXNativeTarget "FirstTutorial" */;
			buildPhases = (
				90743CF720278FBF0041BE49 /* Sources */,
				90743CF820278FBF0041BE49 /* Frameworks */,
				90743CF920278FBF0041BE49 /* Copy Files */,
			);
			buildRules = (
			);
			dependencies = (
			);
			name = FirstTutorial;
			productName = FirstTutorial;
			productReference = 90743CFB20278FBF0041BE49 /* FirstTutorial */;
			productType = "com.apple.product-type.tool";
		};
/* End PBXNativeTarget section */

/* Begin PBXProject section */
		90743CF320278FBF0041BE49 /* Project object */ = {
			isa = PBXProject;
			attributes = {
				LastUpgradeCheck = 0920;
				ORGANIZATIONNAME = "Bixby Productions";
				TargetAttributes = {
					90743CFA20278FBF0041BE49 = {
						CreatedOnToolsVersion = 9.2;
						ProvisioningStyle = Automatic;
					};
				};
			};
			buildConfigurationList = 90743CF620278FBF0041BE49 /* Build configuration list for PBXProject "FirstTutorial" */;
			compatibilityVersion = "Xcode 8.0";
			developmentRegion = en;
			hasScannedForEncodings = 0;
			knownRegions = (
				en,
			);
			mainGroup = 90743CF220278FBF0041BE49;
			productRefGroup = 90743CFC20278FBF0041BE49 /* Products */;
			projectDirPath = "";
			projectRoot = "";
			targets = (
				90743CFA20278FBF0041BE49 /* FirstTutorial */,
			);
		};
/* End PBXProject section */

/* Begin PBXSourcesBuildPhase section */
		90743CF720278FBF0041BE49 /* Sources */ = {
			isa = PBXSourcesBuildPhase;
			buildActionMask = 2147483647;
			files = (
				90E9063A202D20A900374F51 /* Mesh.cpp in Sources */,
				90B14F2C20800279004F418C /* RenderConfig.cpp in Sources */,
				90E9063D202D20A900374F51 /* Cubemap.cpp in Sources */,
				903AA8332042342F00A1B7F9 /* InputWrapper.cpp in Sources */,
				90E90635202D20A900374F51 /* Scene.cpp in Sources */,
				903AA836204237DB00A1B7F9 /* Input.cpp in Sources */,
				90E9063F202D20A900374F51 /* Shader.cpp in Sources */,
				90E9063E202D20A900374F51 /* SceneLighting.cpp in Sources */,
				90E90636202D20A900374F51 /* Model.cpp in Sources */,
				90E90640202D20A900374F51 /* Framebuffer.cpp in Sources */,
				90E90632202D20A900374F51 /* SceneGraph.cpp in Sources */,
				90E9063C202D20A900374F51 /* PrimitivesLoader.cpp in Sources */,
				90708D552099298100024A1D /* ScreenRenderer.cpp in Sources */,
				9007B8A1208AAA05000C2D05 /* SceneRenderer.cpp in Sources */,
				90E9063B202D20A900374F51 /* glad.c in Sources */,
				90E90638202D20A900374F51 /* main.cpp in Sources */,
				9007B89D208A9C0F000C2D05 /* Texture.cpp in Sources */,
				90E90637202D20A900374F51 /* Camera.cpp in Sources */,
				9007B8972089196E000C2D05 /* Renderer.cpp in Sources */,
				90B14F29207FBFA2004F418C /* Timer.cpp in Sources */,
				90E90639202D20A900374F51 /* Lights.cpp in Sources */,
				90E90634202D20A900374F51 /* ModelLoader.cpp in Sources */,
			);
			runOnlyForDeploymentPostprocessing = 0;
		};
/* End PBXSourcesBuildPhase section */

/* Begin XCBuildConfiguration section */
		90743D0020278FBF0041BE49 /* Debug */ = {
			isa = XCBuildConfiguration;
			buildSettings = {
				ALWAYS_SEARCH_USER_PATHS = NO;
				CLANG_ANALYZER_NONNULL = YES;
				CLANG_ANALYZER_NUMBER_OBJECT_CONVERSION = YES_AGGRESSIVE;
				CLANG_CXX_LANGUAGE_STANDARD = "gnu++14";
				CLANG_CXX_LIBRARY = "libc++";
				CLANG_ENABLE_MODULES = YES;
				CLANG_ENABLE_OBJC_ARC = YES;
				CLANG_WARN_BLOCK_CAPTURE_AUTORELEASING = YES;
				CLANG_WARN_BOOL_CONVERSION = YES;
				CLANG_WARN_COMMA = YES;
				CLANG_WARN_CONSTANT_CONVERSION = YES;
				CLANG_WARN_DIRECT_OBJC_ISA_USAGE = YES_ERROR;
				CLANG_WARN_DOCUMENTATION_COMMENTS = YES;
				CLANG_WARN_EMPTY_BODY = YES;
				CLANG_WARN_ENUM_CONVERSION = YES;
				CLANG_WARN_INFINITE_RECURSION = YES;
				CLANG_WARN_INT_CONVERSION = YES;
				CLANG_WARN_NON_LITERAL_NULL_CONVERSION = YES;
				CLANG_WARN_OBJC_LITERAL_CONVERSION = YES;
				CLANG_WARN_OBJC_ROOT_CLASS = YES_ERROR;
				CLANG_WARN_RANGE_LOOP_ANALYSIS = YES;
				CLANG_WARN_STRICT_PROTOTYPES = YES;
				CLANG_WARN_SUSPICIOUS_MOVE = YES;
				CLANG_WARN_UNGUARDED_AVAILABILITY = YES_AGGRESSIVE;
				CLANG_WARN_UNREACHABLE_CODE = YES;
				CLANG_WARN__DUPLICATE_METHOD_MATCH = YES;
				CODE_SIGN_IDENTITY = "-";
				COPY_PHASE_STRIP = NO;
				DEBUG_INFORMATION_FORMAT = dwarf;
				ENABLE_STRICT_OBJC_MSGSEND = YES;
				ENABLE_TESTABILITY = YES;
				GCC_C_LANGUAGE_STANDARD = gnu11;
				GCC_DYNAMIC_NO_PIC = NO;
				GCC_NO_COMMON_BLOCKS = YES;
				GCC_OPTIMIZATION_LEVEL = 0;
				GCC_PREPROCESSOR_DEFINITIONS = (
					"DEBUG=1",
					"$(inherited)",
				);
				GCC_WARN_64_TO_32_BIT_CONVERSION = YES;
				GCC_WARN_ABOUT_RETURN_TYPE = YES_ERROR;
				GCC_WARN_UNDECLARED_SELECTOR = YES;
				GCC_WARN_UNINITIALIZED_AUTOS = YES_AGGRESSIVE;
				GCC_WARN_UNUSED_FUNCTION = YES;
				GCC_WARN_UNUSED_VARIABLE = YES;
				MACOSX_DEPLOYMENT_TARGET = 10.13;
				MTL_ENABLE_DEBUG_INFO = YES;
				ONLY_ACTIVE_ARCH = YES;
				SDKROOT = macosx;
			};
			name = Debug;
		};
		90743D0120278FBF0041BE49 /* Release */ = {
			isa = XCBuildConfiguration;
			buildSettings = {
				ALWAYS_SEARCH_USER_PATHS = NO;
				CLANG_ANALYZER_NONNULL = YES;
				CLANG_ANALYZER_NUMBER_OBJECT_CONVERSION = YES_AGGRESSIVE;
				CLANG_CXX_LANGUAGE_STANDARD = "gnu++14";
				CLANG_CXX_LIBRARY = "libc++";
				CLANG_ENABLE_MODULES = YES;
				CLANG_ENABLE_OBJC_ARC = YES;
				CLANG_WARN_BLOCK_CAPTURE_AUTORELEASING = YES;
				CLANG_WARN_BOOL_CONVERSION = YES;
				CLANG_WARN_COMMA = YES;
				CLANG_WARN_CONSTANT_CONVERSION = YES;
				CLANG_WARN_DIRECT_OBJC_ISA_USAGE = YES_ERROR;
				CLANG_WARN_DOCUMENTATION_COMMENTS = YES;
				CLANG_WARN_EMPTY_BODY = YES;
				CLANG_WARN_ENUM_CONVERSION = YES;
				CLANG_WARN_INFINITE_RECURSION = YES;
				CLANG_WARN_INT_CONVERSION = YES;
				CLANG_WARN_NON_LITERAL_NULL_CONVERSION = YES;
				CLANG_WARN_OBJC_LITERAL_CONVERSION = YES;
				CLANG_WARN_OBJC_ROOT_CLASS = YES_ERROR;
				CLANG_WARN_RANGE_LOOP_ANALYSIS = YES;
				CLANG_WARN_STRICT_PROTOTYPES = YES;
				CLANG_WARN_SUSPICIOUS_MOVE = YES;
				CLANG_WARN_UNGUARDED_AVAILABILITY = YES_AGGRESSIVE;
				CLANG_WARN_UNREACHABLE_CODE = YES;
				CLANG_WARN__DUPLICATE_METHOD_MATCH = YES;
				CODE_SIGN_IDENTITY = "-";
				COPY_PHASE_STRIP = NO;
				DEBUG_INFORMATION_FORMAT = "dwarf-with-dsym";
				ENABLE_NS_ASSERTIONS = NO;
				ENABLE_STRICT_OBJC_MSGSEND = YES;
				GCC_C_LANGUAGE_STANDARD = gnu11;
				GCC_NO_COMMON_BLOCKS = YES;
				GCC_WARN_64_TO_32_BIT_CONVERSION = YES;
				GCC_WARN_ABOUT_RETURN_TYPE = YES_ERROR;
				GCC_WARN_UNDECLARED_SELECTOR = YES;
				GCC_WARN_UNINITIALIZED_AUTOS = YES_AGGRESSIVE;
				GCC_WARN_UNUSED_FUNCTION = YES;
				GCC_WARN_UNUSED_VARIABLE = YES;
				MACOSX_DEPLOYMENT_TARGET = 10.13;
				MTL_ENABLE_DEBUG_INFO = NO;
				SDKROOT = macosx;
			};
			name = Release;
		};
		90743D0320278FBF0041BE49 /* Debug */ = {
			isa = XCBuildConfiguration;
			buildSettings = {
				ALWAYS_SEARCH_USER_PATHS = YES;
				ARCHS = "$(ARCHS_STANDARD)";
				CODE_SIGN_STYLE = Automatic;
				LIBRARY_SEARCH_PATHS = (
					"$(inherited)",
					/usr/local/Cellar/boost/1.65.1/lib,
					/usr/local/Cellar/glfw/3.2.1/lib,
					/usr/local/Cellar/assimp/4.0.1/lib,
				);
				PRODUCT_NAME = "$(TARGET_NAME)";
				SYSTEM_FRAMEWORK_SEARCH_PATHS = /usr/local/bin;
				SYSTEM_HEADER_SEARCH_PATHS = /usr/local/include;
				USER_HEADER_SEARCH_PATHS = "${PROJECT_DIR}/FirstTutorial ${PROJECT_DIR}/FirstTutorial/include";
			};
			name = Debug;
		};
		90743D0420278FBF0041BE49 /* Release */ = {
			isa = XCBuildConfiguration;
			buildSettings = {
				ALWAYS_SEARCH_USER_PATHS = YES;
				ARCHS = "$(ARCHS_STANDARD)";
				CODE_SIGN_STYLE = Automatic;
				LIBRARY_SEARCH_PATHS = (
					"$(inherited)",
					/usr/local/Cellar/boost/1.65.1/lib,
					/usr/local/Cellar/glfw/3.2.1/lib,
					/usr/local/Cellar/assimp/4.0.1/lib,
				);
				PRODUCT_NAME = "$(TARGET_NAME)";
				SYSTEM_FRAMEWORK_SEARCH_PATHS = /usr/local/bin;
				SYSTEM_HEADER_SEARCH_PATHS = /usr/local/include;
				USER_HEADER_SEARCH_PATHS = "${PROJECT_DIR}/FirstTutorial ${PROJECT_DIR}/FirstTutorial/include";
			};
			name = Release;
		};
/* End XCBuildConfiguration section */

/* Begin XCConfigurationList section */
		90743CF620278FBF0041BE49 /* Build configuration list for PBXProject "FirstTutorial" */ = {
			isa = XCConfigurationList;
			buildConfigurations = (
				90743D0020278FBF0041BE49 /* Debug */,
				90743D0120278FBF0041BE49 /* Release */,
			);
			defaultConfigurationIsVisible = 0;
			defaultConfigurationName = Release;
		};
		90743D0220278FBF0041BE49 /* Build configuration list for PBXNativeTarget "FirstTutorial" */ = {
			isa = XCConfigurationList;
			buildConfigurations = (
				90743D0320278FBF0041BE49 /* Debug */,
				90743D0420278FBF0041BE49 /* Release */,
			);
			defaultConfigurationIsVisible = 0;
			defaultConfigurationName = Release;
		};
/* End XCConfigurationList section */
	};
	rootObject = 90743CF320278FBF0041BE49 /* Project object */;
}
