<?xml version="1.0" encoding="utf-8"?>
<Project ToolsVersion="4.0" xmlns="http://schemas.microsoft.com/developer/msbuild/2003">
  <ItemGroup>
    <Filter Include="Source Files">
      <UniqueIdentifier>{4FC737F1-C7A5-4376-A066-2A32D752A2FF}</UniqueIdentifier>
      <Extensions>cpp;c;cc;cxx;def;odl;idl;hpj;bat;asm;asmx</Extensions>
    </Filter>
    <Filter Include="Header Files">
      <UniqueIdentifier>{93995380-89BD-4b04-88EB-625FBE52EBFB}</UniqueIdentifier>
      <Extensions>h;hh;hpp;hxx;hm;inl;inc;xsd</Extensions>
    </Filter>
    <Filter Include="Resource Files">
      <UniqueIdentifier>{67DA6AB6-F800-4c08-8B7A-83BB121AAD01}</UniqueIdentifier>
      <Extensions>rc;ico;cur;bmp;dlg;rc2;rct;bin;rgs;gif;jpg;jpeg;jpe;resx;tiff;tif;png;wav;mfcribbon-ms</Extensions>
    </Filter>
    <Filter Include="Source Files\Shaders">
      <UniqueIdentifier>{138f9372-77a0-40f7-9c83-e34debcbfb02}</UniqueIdentifier>
    </Filter>
    <Filter Include="Source Files\Textures">
      <UniqueIdentifier>{7e15ed67-5aab-4a50-bbd8-ea7cca80d202}</UniqueIdentifier>
    </Filter>
    <Filter Include="Source Files\Transformations">
      <UniqueIdentifier>{2211c49d-fcbe-44f4-b275-26ba0c562f98}</UniqueIdentifier>
    </Filter>
    <Filter Include="Source Files\Shaders\Old">
      <UniqueIdentifier>{0c9f1748-516f-41b8-a84d-3f53ca677396}</UniqueIdentifier>
    </Filter>
  </ItemGroup>
  <ItemGroup>
    <ClCompile Include="Source\Camera.cpp">
      <Filter>Source Files</Filter>
    </ClCompile>
    <ClCompile Include="Source\Cubemap.cpp">
      <Filter>Source Files</Filter>
    </ClCompile>
    <ClCompile Include="Source\Framebuffer.cpp">
      <Filter>Source Files</Filter>
    </ClCompile>
    <ClCompile Include="Source\glad.c">
      <Filter>Source Files</Filter>
    </ClCompile>
    <ClCompile Include="Source\Lights.cpp">
      <Filter>Source Files</Filter>
    </ClCompile>
    <ClCompile Include="Source\main.cpp">
      <Filter>Source Files</Filter>
    </ClCompile>
    <ClCompile Include="Source\Mesh.cpp">
      <Filter>Source Files</Filter>
    </ClCompile>
    <ClCompile Include="Source\Model.cpp">
      <Filter>Source Files</Filter>
    </ClCompile>
    <ClCompile Include="Source\ModelLoader.cpp">
      <Filter>Source Files</Filter>
    </ClCompile>
    <ClCompile Include="Source\Scene.cpp">
      <Filter>Source Files</Filter>
    </ClCompile>
    <ClCompile Include="Source\SceneGraph.cpp">
      <Filter>Source Files</Filter>
    </ClCompile>
    <ClCompile Include="Source\SceneLighting.cpp">
      <Filter>Source Files</Filter>
    </ClCompile>
    <ClCompile Include="Source\Shader.cpp">
      <Filter>Source Files</Filter>
    </ClCompile>
    <ClCompile Include="Source\Input.cpp">
      <Filter>Source Files</Filter>
    </ClCompile>
    <ClCompile Include="Source\InputWrapper.cpp">
      <Filter>Source Files</Filter>
    </ClCompile>
    <ClCompile Include="Source\ModelTexture.cpp">
      <Filter>Source Files</Filter>
    </ClCompile>
    <ClCompile Include="Source\PrimitivesLoader.cpp">
      <Filter>Source Files</Filter>
    </ClCompile>
    <ClCompile Include="Source\RenderConfig.cpp">
      <Filter>Source Files</Filter>
    </ClCompile>
    <ClCompile Include="Source\Renderer.cpp">
      <Filter>Source Files</Filter>
    </ClCompile>
    <ClCompile Include="Source\ScreenRenderer.cpp">
      <Filter>Source Files</Filter>
    </ClCompile>
    <ClCompile Include="Source\SceneRenderer.cpp">
      <Filter>Source Files</Filter>
    </ClCompile>
    <ClCompile Include="Source\TextureCreator.cpp">
      <Filter>Source Files</Filter>
    </ClCompile>
    <ClCompile Include="Source\Timer.cpp">
      <Filter>Source Files</Filter>
    </ClCompile>
  </ItemGroup>
  <ItemGroup>
    <ClInclude Include="Headers\Camera.h">
      <Filter>Header Files</Filter>
    </ClInclude>
    <ClInclude Include="Headers\Cubemap.h">
      <Filter>Header Files</Filter>
    </ClInclude>
    <ClInclude Include="Headers\Framebuffer.h">
      <Filter>Header Files</Filter>
    </ClInclude>
    <ClInclude Include="Headers\IBufferable.h">
      <Filter>Header Files</Filter>
    </ClInclude>
    <ClInclude Include="Headers\Lights.h">
      <Filter>Header Files</Filter>
    </ClInclude>
    <ClInclude Include="Headers\Mesh.h">
      <Filter>Header Files</Filter>
    </ClInclude>
    <ClInclude Include="Headers\Model.h">
      <Filter>Header Files</Filter>
    </ClInclude>
    <ClInclude Include="Headers\ModelLoader.h">
      <Filter>Header Files</Filter>
    </ClInclude>
    <ClInclude Include="Headers\Object.h">
      <Filter>Header Files</Filter>
    </ClInclude>
    <ClInclude Include="Headers\Primitives.h">
      <Filter>Header Files</Filter>
    </ClInclude>
    <ClInclude Include="Headers\Scene.h">
      <Filter>Header Files</Filter>
    </ClInclude>
    <ClInclude Include="Headers\SceneGraph.h">
      <Filter>Header Files</Filter>
    </ClInclude>
    <ClInclude Include="Headers\SceneLighting.h">
      <Filter>Header Files</Filter>
    </ClInclude>
    <ClInclude Include="Headers\Shader.h">
      <Filter>Header Files</Filter>
    </ClInclude>
    <ClInclude Include="Headers\stb_image.h">
      <Filter>Header Files</Filter>
    </ClInclude>
    <ClInclude Include="Headers\Structs.h">
      <Filter>Header Files</Filter>
    </ClInclude>
    <ClInclude Include="Headers\Structs_Inline.h">
      <Filter>Header Files</Filter>
    </ClInclude>
    <ClInclude Include="Headers\UniformBlockBuffer.h">
      <Filter>Header Files</Filter>
    </ClInclude>
    <ClInclude Include="Headers\Debug.h">
      <Filter>Header Files</Filter>
    </ClInclude>
    <ClInclude Include="Headers\Input.h">
      <Filter>Header Files</Filter>
    </ClInclude>
    <ClInclude Include="Headers\InputWrapper.h">
      <Filter>Header Files</Filter>
    </ClInclude>
    <ClInclude Include="Headers\ModelTexture.h">
      <Filter>Header Files</Filter>
    </ClInclude>
    <ClInclude Include="Headers\ModelTexture_Inline.h">
      <Filter>Header Files</Filter>
    </ClInclude>
    <ClInclude Include="Headers\PrimitivesLoader.h">
      <Filter>Header Files</Filter>
    </ClInclude>
    <ClInclude Include="Headers\RenderConfig.h">
      <Filter>Header Files</Filter>
    </ClInclude>
    <ClInclude Include="Headers\Renderer.h">
      <Filter>Header Files</Filter>
    </ClInclude>
    <ClInclude Include="Headers\SceneRenderer.h">
      <Filter>Header Files</Filter>
    </ClInclude>
    <ClInclude Include="Headers\ScreenRenderer.h">
      <Filter>Header Files</Filter>
    </ClInclude>
    <ClInclude Include="Headers\TextureCreator.h">
      <Filter>Header Files</Filter>
    </ClInclude>
    <ClInclude Include="Headers\Timer.h">
      <Filter>Header Files</Filter>
    </ClInclude>
    <ClInclude Include="Headers\CompilerWarning.h">
      <Filter>Header Files</Filter>
    </ClInclude>
  </ItemGroup>
  <ItemGroup>
    <Image Include="Resources\wall.jpg">
      <Filter>Resource Files</Filter>
    </Image>
    <Image Include="Resources\container.jpg">
      <Filter>Resource Files</Filter>
    </Image>
    <Image Include="Resources\awesomeface.png">
      <Filter>Resource Files</Filter>
    </Image>
    <Image Include="Resources\container2_diffuse.png">
      <Filter>Resource Files</Filter>
    </Image>
    <Image Include="Resources\container2_specular.png">
      <Filter>Resource Files</Filter>
    </Image>
    <Image Include="Resources\nanosuit\arm_dif.png">
      <Filter>Resource Files</Filter>
    </Image>
    <Image Include="Resources\nanosuit\arm_showroom_ddn.png">
      <Filter>Resource Files</Filter>
    </Image>
    <Image Include="Resources\nanosuit\arm_showroom_spec.png">
      <Filter>Resource Files</Filter>
    </Image>
    <Image Include="Resources\nanosuit\body_dif.png">
      <Filter>Resource Files</Filter>
    </Image>
    <Image Include="Resources\nanosuit\body_showroom_ddn.png">
      <Filter>Resource Files</Filter>
    </Image>
    <Image Include="Resources\nanosuit\body_showroom_spec.png">
      <Filter>Resource Files</Filter>
    </Image>
    <Image Include="Resources\nanosuit\glass_ddn.png">
      <Filter>Resource Files</Filter>
    </Image>
    <Image Include="Resources\nanosuit\glass_dif.png">
      <Filter>Resource Files</Filter>
    </Image>
    <Image Include="Resources\nanosuit\hand_dif.png">
      <Filter>Resource Files</Filter>
    </Image>
    <Image Include="Resources\nanosuit\hand_showroom_ddn.png">
      <Filter>Resource Files</Filter>
    </Image>
    <Image Include="Resources\nanosuit\hand_showroom_spec.png">
      <Filter>Resource Files</Filter>
    </Image>
    <Image Include="Resources\nanosuit\helmet_diff.png">
      <Filter>Resource Files</Filter>
    </Image>
    <Image Include="Resources\nanosuit\helmet_showroom_ddn.png">
      <Filter>Resource Files</Filter>
    </Image>
    <Image Include="Resources\nanosuit\helmet_showroom_spec.png">
      <Filter>Resource Files</Filter>
    </Image>
    <Image Include="Resources\nanosuit\leg_dif.png">
      <Filter>Resource Files</Filter>
    </Image>
    <Image Include="Resources\nanosuit\leg_showroom_ddn.png">
      <Filter>Resource Files</Filter>
    </Image>
    <Image Include="Resources\nanosuit\leg_showroom_spec.png">
      <Filter>Resource Files</Filter>
    </Image>
    <Image Include="Resources\blending_transparent_window.png">
      <Filter>Resource Files</Filter>
    </Image>
    <Image Include="Resources\grass.png">
      <Filter>Resource Files</Filter>
    </Image>
    <Image Include="Resources\skybox\back.jpg">
      <Filter>Resource Files</Filter>
    </Image>
    <Image Include="Resources\skybox\bottom.jpg">
      <Filter>Resource Files</Filter>
    </Image>
    <Image Include="Resources\skybox\front.jpg">
      <Filter>Resource Files</Filter>
    </Image>
    <Image Include="Resources\skybox\left.jpg">
      <Filter>Resource Files</Filter>
    </Image>
    <Image Include="Resources\skybox\right.jpg">
      <Filter>Resource Files</Filter>
    </Image>
    <Image Include="Resources\skybox\top.jpg">
      <Filter>Resource Files</Filter>
    </Image>
    <Image Include="Resources\nanosuit_reflection\arm_dif.png">
      <Filter>Resource Files</Filter>
    </Image>
    <Image Include="Resources\nanosuit_reflection\arm_showroom_ddn.png">
      <Filter>Resource Files</Filter>
    </Image>
    <Image Include="Resources\nanosuit_reflection\arm_showroom_refl.png">
      <Filter>Resource Files</Filter>
    </Image>
    <Image Include="Resources\nanosuit_reflection\arm_showroom_spec.png">
      <Filter>Resource Files</Filter>
    </Image>
    <Image Include="Resources\nanosuit_reflection\body_dif.png">
      <Filter>Resource Files</Filter>
    </Image>
    <Image Include="Resources\nanosuit_reflection\body_showroom_ddn.png">
      <Filter>Resource Files</Filter>
    </Image>
    <Image Include="Resources\nanosuit_reflection\body_showroom_refl.png">
      <Filter>Resource Files</Filter>
    </Image>
    <Image Include="Resources\nanosuit_reflection\body_showroom_spec.png">
      <Filter>Resource Files</Filter>
    </Image>
    <Image Include="Resources\nanosuit_reflection\glass_ddn.png">
      <Filter>Resource Files</Filter>
    </Image>
    <Image Include="Resources\nanosuit_reflection\glass_dif.png">
      <Filter>Resource Files</Filter>
    </Image>
    <Image Include="Resources\nanosuit_reflection\glass_refl.png">
      <Filter>Resource Files</Filter>
    </Image>
    <Image Include="Resources\nanosuit_reflection\hand_dif.png">
      <Filter>Resource Files</Filter>
    </Image>
    <Image Include="Resources\nanosuit_reflection\hand_showroom_ddn.png">
      <Filter>Resource Files</Filter>
    </Image>
    <Image Include="Resources\nanosuit_reflection\hand_showroom_refl.png">
      <Filter>Resource Files</Filter>
    </Image>
    <Image Include="Resources\nanosuit_reflection\hand_showroom_spec.png">
      <Filter>Resource Files</Filter>
    </Image>
    <Image Include="Resources\nanosuit_reflection\helmet_diff.png">
      <Filter>Resource Files</Filter>
    </Image>
    <Image Include="Resources\nanosuit_reflection\helmet_showroom_ddn.png">
      <Filter>Resource Files</Filter>
    </Image>
    <Image Include="Resources\nanosuit_reflection\helmet_showroom_refl.png">
      <Filter>Resource Files</Filter>
    </Image>
    <Image Include="Resources\nanosuit_reflection\helmet_showroom_spec.png">
      <Filter>Resource Files</Filter>
    </Image>
    <Image Include="Resources\nanosuit_reflection\leg_dif.png">
      <Filter>Resource Files</Filter>
    </Image>
    <Image Include="Resources\nanosuit_reflection\leg_showroom_ddn.png">
      <Filter>Resource Files</Filter>
    </Image>
    <Image Include="Resources\nanosuit_reflection\leg_showroom_refl.png">
      <Filter>Resource Files</Filter>
    </Image>
    <Image Include="Resources\nanosuit_reflection\leg_showroom_spec.png">
      <Filter>Resource Files</Filter>
    </Image>
  </ItemGroup>
  <ItemGroup>
    <None Include="Resources\nanosuit\nanosuit.blend" />
    <None Include="Resources\nanosuit\nanosuit.mtl" />
    <None Include="Resources\nanosuit_reflection\nanosuit.blend" />
    <None Include="Resources\nanosuit_reflection\nanosuit.mtl" />
    <None Include="Shaders\Ambient.frag">
      <Filter>Source Files\Shaders\Old</Filter>
    </None>
    <None Include="Shaders\BasicColor.frag">
      <Filter>Source Files\Shaders\Old</Filter>
    </None>
    <None Include="Shaders\BasicColor.vert">
      <Filter>Source Files\Shaders\Old</Filter>
    </None>
    <None Include="Shaders\Colors.frag">
      <Filter>Source Files\Shaders\Old</Filter>
    </None>
    <None Include="Shaders\Colors.vert">
      <Filter>Source Files\Shaders\Old</Filter>
    </None>
    <None Include="Shaders\Container.frag">
      <Filter>Source Files\Shaders\Old</Filter>
    </None>
    <None Include="Shaders\Container.vert">
      <Filter>Source Files\Shaders\Old</Filter>
    </None>
    <None Include="Shaders\ControlMix.frag">
      <Filter>Source Files\Shaders\Old</Filter>
    </None>
    <None Include="Shaders\Diffuse.frag">
      <Filter>Source Files\Shaders\Old</Filter>
    </None>
    <None Include="Shaders\Diffuse.vert">
      <Filter>Source Files\Shaders\Old</Filter>
    </None>
    <None Include="Shaders\DiffuseMap.frag">
      <Filter>Source Files\Shaders\Old</Filter>
    </None>
    <None Include="Shaders\DiffuseMap.vert">
      <Filter>Source Files\Shaders\Old</Filter>
    </None>
    <None Include="Shaders\DirectionalLight.frag">
      <Filter>Source Files\Shaders\Old</Filter>
    </None>
    <None Include="Shaders\First.frag">
      <Filter>Source Files\Shaders\Old</Filter>
    </None>
    <None Include="Shaders\First.vert">
      <Filter>Source Files\Shaders\Old</Filter>
    </None>
    <None Include="Shaders\FlippedTextureMix.frag">
      <Filter>Source Files\Shaders\Old</Filter>
    </None>
    <None Include="Shaders\GroovyContainer.frag">
      <Filter>Source Files\Shaders\Old</Filter>
    </None>
    <None Include="Shaders\InverseSpecularMap.frag">
      <Filter>Source Files\Shaders\Old</Filter>
    </None>
    <None Include="Shaders\Light.frag">
      <Filter>Source Files\Shaders\Old</Filter>
    </None>
    <None Include="Shaders\Linked.frag">
      <Filter>Source Files\Shaders\Old</Filter>
    </None>
    <None Include="Shaders\Linked.vert">
      <Filter>Source Files\Shaders\Old</Filter>
    </None>
    <None Include="Shaders\Materials.frag">
      <Filter>Source Files\Shaders\Old</Filter>
    </None>
    <None Include="Shaders\MultipleLights.frag">
      <Filter>Source Files\Shaders\Old</Filter>
    </None>
    <None Include="Shaders\MultipleTextures.frag">
      <Filter>Source Files\Shaders\Old</Filter>
    </None>
    <None Include="Shaders\PointLight.frag">
      <Filter>Source Files\Shaders\Old</Filter>
    </None>
    <None Include="Shaders\SoftSpotLight.frag">
      <Filter>Source Files\Shaders\Old</Filter>
    </None>
    <None Include="Shaders\SpacesMatrices.vert">
      <Filter>Source Files\Shaders\Old</Filter>
    </None>
    <None Include="Shaders\Specular.frag">
      <Filter>Source Files\Shaders\Old</Filter>
    </None>
    <None Include="Shaders\SpecularMap.frag">
      <Filter>Source Files\Shaders\Old</Filter>
    </None>
    <None Include="Shaders\SpotLight.frag">
      <Filter>Source Files\Shaders\Old</Filter>
    </None>
    <None Include="Shaders\TextureMix.frag">
      <Filter>Source Files\Shaders\Old</Filter>
    </None>
    <None Include="Shaders\Transform.vert">
      <Filter>Source Files\Shaders\Old</Filter>
    </None>
    <None Include="Shaders\Uniform.frag">
      <Filter>Source Files\Shaders\Old</Filter>
    </None>
    <None Include="Shaders\ViewLighting.frag">
      <Filter>Source Files\Shaders\Old</Filter>
    </None>
    <None Include="Shaders\ViewLighting.vert">
      <Filter>Source Files\Shaders\Old</Filter>
    </None>
    <None Include="Shaders\Explode.geom" />
    <None Include="Shaders\Identity.geom" />
    <None Include="Shaders\Normals.geom" />
    <None Include="Shaders\Point_Shadows.geom" />
    <None Include="Shaders\SmallLines.Geom" />
    <None Include="Shaders\Old\Ambient.frag">
      <Filter>Source Files\Shaders</Filter>
    </None>
    <None Include="Shaders\Old\BasicColor.frag">
      <Filter>Source Files\Shaders</Filter>
    </None>
    <None Include="Shaders\Blur.frag">
      <Filter>Source Files\Shaders</Filter>
    </None>
    <None Include="Shaders\Color.frag">
      <Filter>Source Files\Shaders</Filter>
    </None>
    <None Include="Shaders\Old\Colors.frag">
      <Filter>Source Files\Shaders</Filter>
    </None>
    <None Include="Shaders\Combine.frag">
      <Filter>Source Files\Shaders</Filter>
    </None>
    <None Include="Shaders\Old\Container.frag">
      <Filter>Source Files\Shaders</Filter>
    </None>
    <None Include="Shaders\Old\ControlMix.frag">
      <Filter>Source Files\Shaders</Filter>
    </None>
    <None Include="Shaders\Deferred_BuffCreation.frag">
      <Filter>Source Files\Shaders</Filter>
    </None>
    <None Include="Shaders\Deferred_BufferComposition.frag">
      <Filter>Source Files\Shaders</Filter>
    </None>
    <None Include="Shaders\Deferred_BufferComposition_SSAO.frag">
      <Filter>Source Files\Shaders</Filter>
    </None>
    <None Include="Shaders\Deferred_Skybox.frag">
      <Filter>Source Files\Shaders</Filter>
    </None>
    <None Include="Shaders\Deferred_SSAO.frag">
      <Filter>Source Files\Shaders</Filter>
    </None>
    <None Include="Shaders\Depth.frag">
      <Filter>Source Files\Shaders</Filter>
    </None>
    <None Include="Shaders\DepthMap.frag">
      <Filter>Source Files\Shaders</Filter>
    </None>
    <None Include="Shaders\Old\Diffuse.frag">
      <Filter>Source Files\Shaders</Filter>
    </None>
    <None Include="Shaders\Old\DiffuseMap.frag">
      <Filter>Source Files\Shaders</Filter>
    </None>
    <None Include="Shaders\Dir_Shadows.frag">
      <Filter>Source Files\Shaders</Filter>
    </None>
    <None Include="Shaders\Old\DirectionalLight.frag">
      <Filter>Source Files\Shaders</Filter>
    </None>
    <None Include="Shaders\Old\First.frag">
      <Filter>Source Files\Shaders</Filter>
    </None>
    <None Include="Shaders\Old\FlippedTextureMix.frag">
      <Filter>Source Files\Shaders</Filter>
    </None>
    <None Include="Shaders\Old\GroovyContainer.frag">
      <Filter>Source Files\Shaders</Filter>
    </None>
    <None Include="Shaders\IdentityVec2.frag">
      <Filter>Source Files\Shaders</Filter>
    </None>
    <None Include="Shaders\Old\InverseSpecularMap.frag">
      <Filter>Source Files\Shaders</Filter>
    </None>
    <None Include="Shaders\Kernel.frag">
      <Filter>Source Files\Shaders</Filter>
    </None>
    <None Include="Shaders\Kernel_Gamma.frag">
      <Filter>Source Files\Shaders</Filter>
    </None>
    <None Include="Shaders\Kernel_Gamma_HDR.frag">
      <Filter>Source Files\Shaders</Filter>
    </None>
    <None Include="Shaders\Kernel_Gamma_HDR_Exposure.frag">
      <Filter>Source Files\Shaders</Filter>
    </None>
    <None Include="Shaders\Old\Light.frag">
      <Filter>Source Files\Shaders</Filter>
    </None>
    <None Include="Shaders\Lights.frag">
      <Filter>Source Files\Shaders</Filter>
    </None>
    <None Include="Shaders\Lights_Bloom.frag">
      <Filter>Source Files\Shaders</Filter>
    </None>
    <None Include="Shaders\Old\Linked.frag">
      <Filter>Source Files\Shaders</Filter>
    </None>
    <None Include="Shaders\Old\Materials.frag">
      <Filter>Source Files\Shaders</Filter>
    </None>
    <None Include="Shaders\Old\MultipleLights.frag">
      <Filter>Source Files\Shaders</Filter>
    </None>
    <None Include="Shaders\Old\MultipleTextures.frag">
      <Filter>Source Files\Shaders</Filter>
    </None>
    <None Include="Shaders\NormalMaps.frag">
      <Filter>Source Files\Shaders</Filter>
    </None>
    <None Include="Shaders\Outline.frag">
      <Filter>Source Files\Shaders</Filter>
    </None>
    <None Include="Shaders\Point_Shadows.frag">
      <Filter>Source Files\Shaders</Filter>
    </None>
    <None Include="Shaders\Old\PointLight.frag">
      <Filter>Source Files\Shaders</Filter>
    </None>
    <None Include="Shaders\Reflection.frag">
      <Filter>Source Files\Shaders</Filter>
    </None>
    <None Include="Shaders\Refraction.frag">
      <Filter>Source Files\Shaders</Filter>
    </None>
    <None Include="Shaders\Screen.frag">
      <Filter>Source Files\Shaders</Filter>
    </None>
    <None Include="Shaders\Skybox.frag">
      <Filter>Source Files\Shaders</Filter>
    </None>
    <None Include="Shaders\Old\SoftSpotLight.frag">
      <Filter>Source Files\Shaders</Filter>
    </None>
    <None Include="Shaders\Old\Specular.frag">
      <Filter>Source Files\Shaders</Filter>
    </None>
    <None Include="Shaders\Old\SpecularMap.frag">
      <Filter>Source Files\Shaders</Filter>
    </None>
    <None Include="Shaders\Spot_Shadows.frag">
      <Filter>Source Files\Shaders</Filter>
    </None>
    <None Include="Shaders\Old\SpotLight.frag">
      <Filter>Source Files\Shaders</Filter>
    </None>
    <None Include="Shaders\SSAO_Blur.frag">
      <Filter>Source Files\Shaders</Filter>
    </None>
    <None Include="Shaders\Old\TextureMix.frag">
      <Filter>Source Files\Shaders</Filter>
    </None>
    <None Include="Shaders\TexturesReflection.frag">
      <Filter>Source Files\Shaders</Filter>
    </None>
    <None Include="Shaders\TexturesReflection_Blinn.frag">
      <Filter>Source Files\Shaders</Filter>
    </None>
    <None Include="Shaders\TexturesReflection_GS.frag">
      <Filter>Source Files\Shaders</Filter>
    </None>
    <None Include="Shaders\TexturesReflection_ShadMap.frag">
      <Filter>Source Files\Shaders</Filter>
    </None>
    <None Include="Shaders\TexturesReflection_ShadMapSmooth.frag">
      <Filter>Source Files\Shaders</Filter>
    </None>
    <None Include="Shaders\TexturesReflection_ShadMapSmooth_ManyLights.frag">
      <Filter>Source Files\Shaders</Filter>
    </None>
    <None Include="Shaders\TexturesReflection_ShadMapSmooth_ManyLights_Bloom.frag">
      <Filter>Source Files\Shaders</Filter>
    </None>
    <None Include="Shaders\Transparency.frag">
      <Filter>Source Files\Shaders</Filter>
    </None>
    <None Include="Shaders\Transparency_Blended.frag">
      <Filter>Source Files\Shaders</Filter>
    </None>
    <None Include="Shaders\Old\Uniform.frag">
      <Filter>Source Files\Shaders</Filter>
    </None>
    <None Include="Shaders\Old\ViewLighting.frag">
      <Filter>Source Files\Shaders</Filter>
    </None>
    <None Include="Shaders\Old\BasicColor.vert">
      <Filter>Source Files\Shaders</Filter>
    </None>
    <None Include="Shaders\Old\Colors.vert">
      <Filter>Source Files\Shaders</Filter>
    </None>
    <None Include="Shaders\Old\Container.vert">
      <Filter>Source Files\Shaders</Filter>
    </None>
    <None Include="Shaders\Deferred_Vertex.vert">
      <Filter>Source Files\Shaders</Filter>
    </None>
    <None Include="Shaders\Old\Diffuse.vert">
      <Filter>Source Files\Shaders</Filter>
    </None>
    <None Include="Shaders\Old\DiffuseMap.vert">
      <Filter>Source Files\Shaders</Filter>
    </None>
    <None Include="Shaders\Dir_ShadowsInstanced.vert">
      <Filter>Source Files\Shaders</Filter>
    </None>
    <None Include="Shaders\Old\First.vert">
      <Filter>Source Files\Shaders</Filter>
    </None>
    <None Include="Shaders\IdentityVec2.vert">
      <Filter>Source Files\Shaders</Filter>
    </None>
    <None Include="Shaders\Lights.vert">
      <Filter>Source Files\Shaders</Filter>
    </None>
    <None Include="Shaders\Old\Linked.vert">
      <Filter>Source Files\Shaders</Filter>
    </None>
    <None Include="Shaders\MultipleTextures.vert">
      <Filter>Source Files\Shaders</Filter>
    </None>
    <None Include="Shaders\MultipleTextures_GS.vert">
      <Filter>Source Files\Shaders</Filter>
    </None>
    <None Include="Shaders\MultipleTexturesInstanced.vert">
      <Filter>Source Files\Shaders</Filter>
    </None>
    <None Include="Shaders\MultipleTexturesInstanced_GS.vert">
      <Filter>Source Files\Shaders</Filter>
    </None>
    <None Include="Shaders\MultipleTexturesInstanced_ShadMap.vert">
      <Filter>Source Files\Shaders</Filter>
    </None>
    <None Include="Shaders\MultipleTexturesInstanced_ShadMap_ManyLights.vert">
      <Filter>Source Files\Shaders</Filter>
    </None>
    <None Include="Shaders\NormalMaps.vert">
      <Filter>Source Files\Shaders</Filter>
    </None>
    <None Include="Shaders\Point_Shadows.vert">
      <Filter>Source Files\Shaders</Filter>
    </None>
    <None Include="Shaders\Screen.vert">
      <Filter>Source Files\Shaders</Filter>
    </None>
    <None Include="Shaders\Skybox.vert">
      <Filter>Source Files\Shaders</Filter>
    </None>
    <None Include="Shaders\SkyboxBuff.vert">
      <Filter>Source Files\Shaders</Filter>
    </None>
    <None Include="Shaders\Old\SpacesMatrices.vert">
      <Filter>Source Files\Shaders</Filter>
    </None>
    <None Include="Shaders\Spot_Shadows.vert">
      <Filter>Source Files\Shaders</Filter>
    </None>
    <None Include="Shaders\Old\Transform.vert">
      <Filter>Source Files\Shaders</Filter>
    </None>
    <None Include="Shaders\Old\ViewLighting.vert">
      <Filter>Source Files\Shaders</Filter>
    </None>
    <None Include="packages.config" />
  </ItemGroup>
  <ItemGroup>
    <Text Include="README.TXT" />
    <Text Include="Resources\nanosuit\LICENSE.txt" />
    <Text Include="Resources\nanosuit_reflection\LICENSE.txt" />
  </ItemGroup>
</Project>